
Microsoft Visual Studio Solution File, Format Version 12.00
# Visual Studio Version 17
VisualStudioVersion = 17.3.32901.215
MinimumVisualStudioVersion = 10.0.40219.1
Project("{FAE04EC0-301F-11D3-BF4B-00C04F79EFBC}") = "HoangTienDung.Core.Entity", "HoangTienDung.Core.Entity\HoangTienDung.Core.Entity.csproj", "{5894448D-2D47-4A72-86EA-2132360DEA9E}"
EndProject
Project("{FAE04EC0-301F-11D3-BF4B-00C04F79EFBC}") = "HoangTienDung.Core.Service", "HoangTienDung.Core.Service\HoangTienDung.Core.Service.csproj", "{EA313ECF-1069-4F34-9965-F797D9131A6D}"
EndProject
Global
	GlobalSection(SolutionConfigurationPlatforms) = preSolution
		Debug|Any CPU = Debug|Any CPU
		Release|Any CPU = Release|Any CPU
	EndGlobalSection
	GlobalSection(ProjectConfigurationPlatforms) = postSolution
		{5894448D-2D47-4A72-86EA-2132360DEA9E}.Debug|Any CPU.ActiveCfg = Debug|Any CPU
		{5894448D-2D47-4A72-86EA-2132360DEA9E}.Debug|Any CPU.Build.0 = Debug|Any CPU
		{5894448D-2D47-4A72-86EA-2132360DEA9E}.Release|Any CPU.ActiveCfg = Release|Any CPU
		{5894448D-2D47-4A72-86EA-2132360DEA9E}.Release|Any CPU.Build.0 = Release|Any CPU
		{EA313ECF-1069-4F34-9965-F797D9131A6D}.Debug|Any CPU.ActiveCfg = Debug|Any CPU
		{EA313ECF-1069-4F34-9965-F797D9131A6D}.Debug|Any CPU.Build.0 = Debug|Any CPU
		{EA313ECF-1069-4F34-9965-F797D9131A6D}.Release|Any CPU.ActiveCfg = Release|Any CPU
		{EA313ECF-1069-4F34-9965-F797D9131A6D}.Release|Any CPU.Build.0 = Release|Any CPU
	EndGlobalSection
	GlobalSection(SolutionProperties) = preSolution
		HideSolutionNode = FALSE
	EndGlobalSection
	GlobalSection(ExtensibilityGlobals) = postSolution
		SolutionGuid = {A5F3F416-40EC-47DA-8034-4D90F65316CF}
	EndGlobalSection
EndGlobal
